
Microsoft Visual Studio Solution File, Format Version 12.00
# Visual Studio Version 16
VisualStudioVersion = 16.0.29009.5
MinimumVisualStudioVersion = 10.0.40219.1
Project("{FAE04EC0-301F-11D3-BF4B-00C04F79EFBC}") = "PIR2Motion", "PIR2Motion\PIR2Motion.csproj", "{7AEFA801-F9B5-4C8F-949F-0975F2CE2D1B}"
EndProject
Global
	GlobalSection(SolutionConfigurationPlatforms) = preSolution
		Debug|Any CPU = Debug|Any CPU
		Release|Any CPU = Release|Any CPU
	EndGlobalSection
	GlobalSection(ProjectConfigurationPlatforms) = postSolution
		{7AEFA801-F9B5-4C8F-949F-0975F2CE2D1B}.Debug|Any CPU.ActiveCfg = Debug|Any CPU
		{7AEFA801-F9B5-4C8F-949F-0975F2CE2D1B}.Debug|Any CPU.Build.0 = Debug|Any CPU
		{7AEFA801-F9B5-4C8F-949F-0975F2CE2D1B}.Release|Any CPU.ActiveCfg = Release|Any CPU
		{7AEFA801-F9B5-4C8F-949F-0975F2CE2D1B}.Release|Any CPU.Build.0 = Release|Any CPU
	EndGlobalSection
	GlobalSection(SolutionProperties) = preSolution
		HideSolutionNode = FALSE
	EndGlobalSection
	GlobalSection(ExtensibilityGlobals) = postSolution
		SolutionGuid = {23737888-A4D9-46BF-A65F-D153340DE50E}
	EndGlobalSection
EndGlobal
